
Microsoft Visual Studio Solution File, Format Version 12.00
# Visual Studio Version 16
VisualStudioVersion = 16.0.32510.428
MinimumVisualStudioVersion = 10.0.40219.1
Project("{2150E333-8FDC-42A3-9474-1A3956D46DE8}") = "src", "src", "{D5BDA299-957F-4772-80C0-6208793ED50A}"
EndProject
Project("{2150E333-8FDC-42A3-9474-1A3956D46DE8}") = "Solution Items", "Solution Items", "{C03F3129-6633-43E7-B5EB-839FE285754B}"
	ProjectSection(SolutionItems) = preProject
		ServiceUrls.txt = ServiceUrls.txt
	EndProjectSection
EndProject
Project("{2150E333-8FDC-42A3-9474-1A3956D46DE8}") = "ApiGateways", "ApiGateways", "{BF29DE0C-1624-43AC-88DF-6C299C71A892}"
EndProject
Project("{2150E333-8FDC-42A3-9474-1A3956D46DE8}") = "BuildingBlocks", "BuildingBlocks", "{D6F25FD9-0EE5-482C-80DD-2B33ABB2C1E6}"
EndProject
Project("{2150E333-8FDC-42A3-9474-1A3956D46DE8}") = "Services", "Services", "{9D212B3E-5B50-4B0F-9151-6D01EC49C6B5}"
EndProject
Project("{2150E333-8FDC-42A3-9474-1A3956D46DE8}") = "Clients", "Clients", "{453FD71B-C724-4369-B987-3A913FCD89E0}"
EndProject
Project("{2150E333-8FDC-42A3-9474-1A3956D46DE8}") = "WebApiGateway", "WebApiGateway", "{0F0FC951-D5F5-4F33-ACE0-EFECF2B916DB}"
EndProject
Project("{FAE04EC0-301F-11D3-BF4B-00C04F79EFBC}") = "Web.ApiGateway", "src\ApiGateways\WebApiGateway\Web.ApiGateway\Web.ApiGateway.csproj", "{51597D73-FF76-450C-BFE2-06A8BAA4D385}"
EndProject
Project("{2150E333-8FDC-42A3-9474-1A3956D46DE8}") = "EventBus", "EventBus", "{E3FB0A2C-6861-47E6-A0A0-F40E501D3ABD}"
EndProject
Project("{FAE04EC0-301F-11D3-BF4B-00C04F79EFBC}") = "EventBus.Base", "src\BuildingBlocks\EventBus\EventBus.Base\EventBus.Base.csproj", "{EE80CC9A-DF30-404D-8AE4-EDC368EE0B0B}"
EndProject
Project("{FAE04EC0-301F-11D3-BF4B-00C04F79EFBC}") = "EventBus.Factory", "src\BuildingBlocks\EventBus\EventBus.Factory\EventBus.Factory.csproj", "{ADE472BE-F378-4514-818B-590F32BF8480}"
EndProject
Project("{FAE04EC0-301F-11D3-BF4B-00C04F79EFBC}") = "EventBus.AzureServiceBus", "src\BuildingBlocks\EventBus\EventBus.AzureServiceBus\EventBus.AzureServiceBus.csproj", "{32B0BF27-E8E9-49E4-B976-DB9579D8F18A}"
EndProject
Project("{FAE04EC0-301F-11D3-BF4B-00C04F79EFBC}") = "EventBus.RabbitMQ", "src\BuildingBlocks\EventBus\EventBus.RabbitMQ\EventBus.RabbitMQ.csproj", "{9DC75779-41CD-47AF-A0C0-669AE3381C55}"
EndProject
Project("{2150E333-8FDC-42A3-9474-1A3956D46DE8}") = "BlazorWebApp", "BlazorWebApp", "{37371F51-89C3-4ACA-8BEE-F13CB4FFA12F}"
EndProject
Project("{FAE04EC0-301F-11D3-BF4B-00C04F79EFBC}") = "WebApp", "src\Clients\BlazorWebApp\WebApp\WebApp.csproj", "{5AE7DE4C-CF65-4F39-96E7-408EBD7EF1CC}"
EndProject
Project("{2150E333-8FDC-42A3-9474-1A3956D46DE8}") = "BasketService", "BasketService", "{AE1017E7-7D19-4C3F-A133-60B464202398}"
EndProject
Project("{FAE04EC0-301F-11D3-BF4B-00C04F79EFBC}") = "BasketService.Api", "src\Services\BasketService\BasketService.Api\BasketService.Api.csproj", "{84808DCA-9442-4102-A156-8C69EB042405}"
EndProject
Project("{2150E333-8FDC-42A3-9474-1A3956D46DE8}") = "CatalogService", "CatalogService", "{57B2488A-FBD8-432E-9CEC-BA18D90743AB}"
EndProject
Project("{FAE04EC0-301F-11D3-BF4B-00C04F79EFBC}") = "CatalogService.Api", "src\Services\CatalogService\CatalogService.Api\CatalogService.Api.csproj", "{72AD8A71-5297-4BDE-AEE8-8FF7929CE38C}"
EndProject
Project("{2150E333-8FDC-42A3-9474-1A3956D46DE8}") = "IdentityService", "IdentityService", "{D8CC5745-4697-49B0-ADDF-0BCAF1F01ABA}"
EndProject
Project("{FAE04EC0-301F-11D3-BF4B-00C04F79EFBC}") = "IdentityService.Api", "src\Services\IdentityService\IdentityService.Api\IdentityService.Api.csproj", "{EEE44CF7-401B-4C82-8087-D9D633D282A9}"
EndProject
Project("{2150E333-8FDC-42A3-9474-1A3956D46DE8}") = "NotificationService", "NotificationService", "{75D59BEC-60BF-4151-AFBC-6688083EF603}"
EndProject
Project("{FAE04EC0-301F-11D3-BF4B-00C04F79EFBC}") = "NotificationService", "src\Services\NotificationService\NotificationService\NotificationService.csproj", "{24C83FE5-4295-43B9-82B4-073067D2DE9C}"
EndProject
Project("{2150E333-8FDC-42A3-9474-1A3956D46DE8}") = "OrderService", "OrderService", "{DE0BDB9E-7CDA-4F21-88E2-1FC5B2CB6069}"
EndProject
Project("{FAE04EC0-301F-11D3-BF4B-00C04F79EFBC}") = "OrderService.Domain", "src\Services\OrderService\OrderService.Domain\OrderService.Domain.csproj", "{568AF20D-06F8-45DE-B037-7BF454FDC335}"
EndProject
Project("{FAE04EC0-301F-11D3-BF4B-00C04F79EFBC}") = "OrderService.Application", "src\Services\OrderService\OrderService.Application\OrderService.Application.csproj", "{67DF3247-F0C3-405A-B4CD-E3E4A0D51227}"
EndProject
Project("{FAE04EC0-301F-11D3-BF4B-00C04F79EFBC}") = "OrderService.Infrastructure", "src\Services\OrderService\OrderService.Infrastructure\OrderService.Infrastructure.csproj", "{33C38C18-412E-4E46-89ED-7301907E2A68}"
EndProject
Project("{FAE04EC0-301F-11D3-BF4B-00C04F79EFBC}") = "OrderService.Api", "src\Services\OrderService\OrderService.Api\OrderService.Api.csproj", "{5C4A549A-FC26-41F5-843E-35B7037ECCFE}"
EndProject
Project("{2150E333-8FDC-42A3-9474-1A3956D46DE8}") = "PaymentService", "PaymentService", "{0FEB3955-4603-4E7F-B118-041A28754936}"
EndProject
Project("{FAE04EC0-301F-11D3-BF4B-00C04F79EFBC}") = "PaymentService.Api", "src\Services\PaymentService\PaymentService.Api\PaymentService.Api.csproj", "{46EE94B0-5E57-491E-8325-6153F9ADF2AD}"
EndProject
Global
	GlobalSection(SolutionConfigurationPlatforms) = preSolution
		Debug|Any CPU = Debug|Any CPU
		Release|Any CPU = Release|Any CPU
	EndGlobalSection
	GlobalSection(ProjectConfigurationPlatforms) = postSolution
		{51597D73-FF76-450C-BFE2-06A8BAA4D385}.Debug|Any CPU.ActiveCfg = Debug|Any CPU
		{51597D73-FF76-450C-BFE2-06A8BAA4D385}.Debug|Any CPU.Build.0 = Debug|Any CPU
		{51597D73-FF76-450C-BFE2-06A8BAA4D385}.Release|Any CPU.ActiveCfg = Release|Any CPU
		{51597D73-FF76-450C-BFE2-06A8BAA4D385}.Release|Any CPU.Build.0 = Release|Any CPU
		{EE80CC9A-DF30-404D-8AE4-EDC368EE0B0B}.Debug|Any CPU.ActiveCfg = Debug|Any CPU
		{EE80CC9A-DF30-404D-8AE4-EDC368EE0B0B}.Debug|Any CPU.Build.0 = Debug|Any CPU
		{EE80CC9A-DF30-404D-8AE4-EDC368EE0B0B}.Release|Any CPU.ActiveCfg = Release|Any CPU
		{EE80CC9A-DF30-404D-8AE4-EDC368EE0B0B}.Release|Any CPU.Build.0 = Release|Any CPU
		{ADE472BE-F378-4514-818B-590F32BF8480}.Debug|Any CPU.ActiveCfg = Debug|Any CPU
		{ADE472BE-F378-4514-818B-590F32BF8480}.Debug|Any CPU.Build.0 = Debug|Any CPU
		{ADE472BE-F378-4514-818B-590F32BF8480}.Release|Any CPU.ActiveCfg = Release|Any CPU
		{ADE472BE-F378-4514-818B-590F32BF8480}.Release|Any CPU.Build.0 = Release|Any CPU
		{32B0BF27-E8E9-49E4-B976-DB9579D8F18A}.Debug|Any CPU.ActiveCfg = Debug|Any CPU
		{32B0BF27-E8E9-49E4-B976-DB9579D8F18A}.Debug|Any CPU.Build.0 = Debug|Any CPU
		{32B0BF27-E8E9-49E4-B976-DB9579D8F18A}.Release|Any CPU.ActiveCfg = Release|Any CPU
		{32B0BF27-E8E9-49E4-B976-DB9579D8F18A}.Release|Any CPU.Build.0 = Release|Any CPU
		{9DC75779-41CD-47AF-A0C0-669AE3381C55}.Debug|Any CPU.ActiveCfg = Debug|Any CPU
		{9DC75779-41CD-47AF-A0C0-669AE3381C55}.Debug|Any CPU.Build.0 = Debug|Any CPU
		{9DC75779-41CD-47AF-A0C0-669AE3381C55}.Release|Any CPU.ActiveCfg = Release|Any CPU
		{9DC75779-41CD-47AF-A0C0-669AE3381C55}.Release|Any CPU.Build.0 = Release|Any CPU
		{5AE7DE4C-CF65-4F39-96E7-408EBD7EF1CC}.Debug|Any CPU.ActiveCfg = Debug|Any CPU
		{5AE7DE4C-CF65-4F39-96E7-408EBD7EF1CC}.Debug|Any CPU.Build.0 = Debug|Any CPU
		{5AE7DE4C-CF65-4F39-96E7-408EBD7EF1CC}.Release|Any CPU.ActiveCfg = Release|Any CPU
		{5AE7DE4C-CF65-4F39-96E7-408EBD7EF1CC}.Release|Any CPU.Build.0 = Release|Any CPU
		{84808DCA-9442-4102-A156-8C69EB042405}.Debug|Any CPU.ActiveCfg = Debug|Any CPU
		{84808DCA-9442-4102-A156-8C69EB042405}.Debug|Any CPU.Build.0 = Debug|Any CPU
		{84808DCA-9442-4102-A156-8C69EB042405}.Release|Any CPU.ActiveCfg = Release|Any CPU
		{84808DCA-9442-4102-A156-8C69EB042405}.Release|Any CPU.Build.0 = Release|Any CPU
		{72AD8A71-5297-4BDE-AEE8-8FF7929CE38C}.Debug|Any CPU.ActiveCfg = Debug|Any CPU
		{72AD8A71-5297-4BDE-AEE8-8FF7929CE38C}.Debug|Any CPU.Build.0 = Debug|Any CPU
		{72AD8A71-5297-4BDE-AEE8-8FF7929CE38C}.Release|Any CPU.ActiveCfg = Release|Any CPU
		{72AD8A71-5297-4BDE-AEE8-8FF7929CE38C}.Release|Any CPU.Build.0 = Release|Any CPU
		{EEE44CF7-401B-4C82-8087-D9D633D282A9}.Debug|Any CPU.ActiveCfg = Debug|Any CPU
		{EEE44CF7-401B-4C82-8087-D9D633D282A9}.Debug|Any CPU.Build.0 = Debug|Any CPU
		{EEE44CF7-401B-4C82-8087-D9D633D282A9}.Release|Any CPU.ActiveCfg = Release|Any CPU
		{EEE44CF7-401B-4C82-8087-D9D633D282A9}.Release|Any CPU.Build.0 = Release|Any CPU
		{24C83FE5-4295-43B9-82B4-073067D2DE9C}.Debug|Any CPU.ActiveCfg = Debug|Any CPU
		{24C83FE5-4295-43B9-82B4-073067D2DE9C}.Debug|Any CPU.Build.0 = Debug|Any CPU
		{24C83FE5-4295-43B9-82B4-073067D2DE9C}.Release|Any CPU.ActiveCfg = Release|Any CPU
		{24C83FE5-4295-43B9-82B4-073067D2DE9C}.Release|Any CPU.Build.0 = Release|Any CPU
		{568AF20D-06F8-45DE-B037-7BF454FDC335}.Debug|Any CPU.ActiveCfg = Debug|Any CPU
		{568AF20D-06F8-45DE-B037-7BF454FDC335}.Debug|Any CPU.Build.0 = Debug|Any CPU
		{568AF20D-06F8-45DE-B037-7BF454FDC335}.Release|Any CPU.ActiveCfg = Release|Any CPU
		{568AF20D-06F8-45DE-B037-7BF454FDC335}.Release|Any CPU.Build.0 = Release|Any CPU
		{67DF3247-F0C3-405A-B4CD-E3E4A0D51227}.Debug|Any CPU.ActiveCfg = Debug|Any CPU
		{67DF3247-F0C3-405A-B4CD-E3E4A0D51227}.Debug|Any CPU.Build.0 = Debug|Any CPU
		{67DF3247-F0C3-405A-B4CD-E3E4A0D51227}.Release|Any CPU.ActiveCfg = Release|Any CPU
		{67DF3247-F0C3-405A-B4CD-E3E4A0D51227}.Release|Any CPU.Build.0 = Release|Any CPU
		{33C38C18-412E-4E46-89ED-7301907E2A68}.Debug|Any CPU.ActiveCfg = Debug|Any CPU
		{33C38C18-412E-4E46-89ED-7301907E2A68}.Debug|Any CPU.Build.0 = Debug|Any CPU
		{33C38C18-412E-4E46-89ED-7301907E2A68}.Release|Any CPU.ActiveCfg = Release|Any CPU
		{33C38C18-412E-4E46-89ED-7301907E2A68}.Release|Any CPU.Build.0 = Release|Any CPU
		{5C4A549A-FC26-41F5-843E-35B7037ECCFE}.Debug|Any CPU.ActiveCfg = Debug|Any CPU
		{5C4A549A-FC26-41F5-843E-35B7037ECCFE}.Debug|Any CPU.Build.0 = Debug|Any CPU
		{5C4A549A-FC26-41F5-843E-35B7037ECCFE}.Release|Any CPU.ActiveCfg = Release|Any CPU
		{5C4A549A-FC26-41F5-843E-35B7037ECCFE}.Release|Any CPU.Build.0 = Release|Any CPU
		{46EE94B0-5E57-491E-8325-6153F9ADF2AD}.Debug|Any CPU.ActiveCfg = Debug|Any CPU
		{46EE94B0-5E57-491E-8325-6153F9ADF2AD}.Debug|Any CPU.Build.0 = Debug|Any CPU
		{46EE94B0-5E57-491E-8325-6153F9ADF2AD}.Release|Any CPU.ActiveCfg = Release|Any CPU
		{46EE94B0-5E57-491E-8325-6153F9ADF2AD}.Release|Any CPU.Build.0 = Release|Any CPU
	EndGlobalSection
	GlobalSection(SolutionProperties) = preSolution
		HideSolutionNode = FALSE
	EndGlobalSection
	GlobalSection(NestedProjects) = preSolution
		{BF29DE0C-1624-43AC-88DF-6C299C71A892} = {D5BDA299-957F-4772-80C0-6208793ED50A}
		{D6F25FD9-0EE5-482C-80DD-2B33ABB2C1E6} = {D5BDA299-957F-4772-80C0-6208793ED50A}
		{9D212B3E-5B50-4B0F-9151-6D01EC49C6B5} = {D5BDA299-957F-4772-80C0-6208793ED50A}
		{453FD71B-C724-4369-B987-3A913FCD89E0} = {D5BDA299-957F-4772-80C0-6208793ED50A}
		{0F0FC951-D5F5-4F33-ACE0-EFECF2B916DB} = {BF29DE0C-1624-43AC-88DF-6C299C71A892}
		{51597D73-FF76-450C-BFE2-06A8BAA4D385} = {0F0FC951-D5F5-4F33-ACE0-EFECF2B916DB}
		{E3FB0A2C-6861-47E6-A0A0-F40E501D3ABD} = {D6F25FD9-0EE5-482C-80DD-2B33ABB2C1E6}
		{EE80CC9A-DF30-404D-8AE4-EDC368EE0B0B} = {E3FB0A2C-6861-47E6-A0A0-F40E501D3ABD}
		{ADE472BE-F378-4514-818B-590F32BF8480} = {E3FB0A2C-6861-47E6-A0A0-F40E501D3ABD}
		{32B0BF27-E8E9-49E4-B976-DB9579D8F18A} = {E3FB0A2C-6861-47E6-A0A0-F40E501D3ABD}
		{9DC75779-41CD-47AF-A0C0-669AE3381C55} = {E3FB0A2C-6861-47E6-A0A0-F40E501D3ABD}
		{37371F51-89C3-4ACA-8BEE-F13CB4FFA12F} = {453FD71B-C724-4369-B987-3A913FCD89E0}
		{5AE7DE4C-CF65-4F39-96E7-408EBD7EF1CC} = {37371F51-89C3-4ACA-8BEE-F13CB4FFA12F}
		{AE1017E7-7D19-4C3F-A133-60B464202398} = {9D212B3E-5B50-4B0F-9151-6D01EC49C6B5}
		{84808DCA-9442-4102-A156-8C69EB042405} = {AE1017E7-7D19-4C3F-A133-60B464202398}
		{57B2488A-FBD8-432E-9CEC-BA18D90743AB} = {9D212B3E-5B50-4B0F-9151-6D01EC49C6B5}
		{72AD8A71-5297-4BDE-AEE8-8FF7929CE38C} = {57B2488A-FBD8-432E-9CEC-BA18D90743AB}
		{D8CC5745-4697-49B0-ADDF-0BCAF1F01ABA} = {9D212B3E-5B50-4B0F-9151-6D01EC49C6B5}
		{EEE44CF7-401B-4C82-8087-D9D633D282A9} = {D8CC5745-4697-49B0-ADDF-0BCAF1F01ABA}
		{75D59BEC-60BF-4151-AFBC-6688083EF603} = {9D212B3E-5B50-4B0F-9151-6D01EC49C6B5}
		{24C83FE5-4295-43B9-82B4-073067D2DE9C} = {75D59BEC-60BF-4151-AFBC-6688083EF603}
		{DE0BDB9E-7CDA-4F21-88E2-1FC5B2CB6069} = {9D212B3E-5B50-4B0F-9151-6D01EC49C6B5}
		{568AF20D-06F8-45DE-B037-7BF454FDC335} = {DE0BDB9E-7CDA-4F21-88E2-1FC5B2CB6069}
		{67DF3247-F0C3-405A-B4CD-E3E4A0D51227} = {DE0BDB9E-7CDA-4F21-88E2-1FC5B2CB6069}
		{33C38C18-412E-4E46-89ED-7301907E2A68} = {DE0BDB9E-7CDA-4F21-88E2-1FC5B2CB6069}
		{5C4A549A-FC26-41F5-843E-35B7037ECCFE} = {DE0BDB9E-7CDA-4F21-88E2-1FC5B2CB6069}
		{0FEB3955-4603-4E7F-B118-041A28754936} = {9D212B3E-5B50-4B0F-9151-6D01EC49C6B5}
		{46EE94B0-5E57-491E-8325-6153F9ADF2AD} = {0FEB3955-4603-4E7F-B118-041A28754936}
	EndGlobalSection
	GlobalSection(ExtensibilityGlobals) = postSolution
		SolutionGuid = {CD6A098B-691F-4D89-A4AB-465A237C5C92}
	EndGlobalSection
EndGlobal
